
Microsoft Visual Studio Solution File, Format Version 12.00
# Visual Studio Version 16
VisualStudioVersion = 16.0.31605.320
MinimumVisualStudioVersion = 10.0.40219.1
Project("{FAE04EC0-301F-11D3-BF4B-00C04F79EFBC}") = "HW 8", "HW 8\HW 8.csproj", "{09EF0F33-1B54-427E-8AF0-2936C06D2CA5}"
EndProject
Global
	GlobalSection(SolutionConfigurationPlatforms) = preSolution
		Debug|Any CPU = Debug|Any CPU
		Release|Any CPU = Release|Any CPU
	EndGlobalSection
	GlobalSection(ProjectConfigurationPlatforms) = postSolution
		{09EF0F33-1B54-427E-8AF0-2936C06D2CA5}.Debug|Any CPU.ActiveCfg = Debug|Any CPU
		{09EF0F33-1B54-427E-8AF0-2936C06D2CA5}.Debug|Any CPU.Build.0 = Debug|Any CPU
		{09EF0F33-1B54-427E-8AF0-2936C06D2CA5}.Release|Any CPU.ActiveCfg = Release|Any CPU
		{09EF0F33-1B54-427E-8AF0-2936C06D2CA5}.Release|Any CPU.Build.0 = Release|Any CPU
	EndGlobalSection
	GlobalSection(SolutionProperties) = preSolution
		HideSolutionNode = FALSE
	EndGlobalSection
	GlobalSection(ExtensibilityGlobals) = postSolution
		SolutionGuid = {9A33D3C6-5FFE-418C-88FE-50C6BF2DADDD}
	EndGlobalSection
EndGlobal
