
Microsoft Visual Studio Solution File, Format Version 12.00
# Visual Studio Version 16
VisualStudioVersion = 16.0.31829.152
MinimumVisualStudioVersion = 10.0.40219.1
Project("{FAE04EC0-301F-11D3-BF4B-00C04F79EFBC}") = "finalProject1", "finalProject1\finalProject1.csproj", "{91A623DE-8E12-4853-BCEF-4CF3964CA87D}"
EndProject
Global
	GlobalSection(SolutionConfigurationPlatforms) = preSolution
		Debug|Any CPU = Debug|Any CPU
		Release|Any CPU = Release|Any CPU
	EndGlobalSection
	GlobalSection(ProjectConfigurationPlatforms) = postSolution
		{91A623DE-8E12-4853-BCEF-4CF3964CA87D}.Debug|Any CPU.ActiveCfg = Debug|Any CPU
		{91A623DE-8E12-4853-BCEF-4CF3964CA87D}.Debug|Any CPU.Build.0 = Debug|Any CPU
		{91A623DE-8E12-4853-BCEF-4CF3964CA87D}.Release|Any CPU.ActiveCfg = Release|Any CPU
		{91A623DE-8E12-4853-BCEF-4CF3964CA87D}.Release|Any CPU.Build.0 = Release|Any CPU
	EndGlobalSection
	GlobalSection(SolutionProperties) = preSolution
		HideSolutionNode = FALSE
	EndGlobalSection
	GlobalSection(ExtensibilityGlobals) = postSolution
		SolutionGuid = {750AAEFC-E0F9-4ADF-8370-A3F6163E3FEC}
	EndGlobalSection
EndGlobal
