
Microsoft Visual Studio Solution File, Format Version 12.00
# Visual Studio Version 16
VisualStudioVersion = 16.0.31605.320
MinimumVisualStudioVersion = 10.0.40219.1
Project("{FAE04EC0-301F-11D3-BF4B-00C04F79EFBC}") = "p3 h9", "p3 h9\p3 h9.csproj", "{0CEA04D1-4E37-42E3-B178-2AD574F26EFE}"
EndProject
Global
	GlobalSection(SolutionConfigurationPlatforms) = preSolution
		Debug|Any CPU = Debug|Any CPU
		Release|Any CPU = Release|Any CPU
	EndGlobalSection
	GlobalSection(ProjectConfigurationPlatforms) = postSolution
		{0CEA04D1-4E37-42E3-B178-2AD574F26EFE}.Debug|Any CPU.ActiveCfg = Debug|Any CPU
		{0CEA04D1-4E37-42E3-B178-2AD574F26EFE}.Debug|Any CPU.Build.0 = Debug|Any CPU
		{0CEA04D1-4E37-42E3-B178-2AD574F26EFE}.Release|Any CPU.ActiveCfg = Release|Any CPU
		{0CEA04D1-4E37-42E3-B178-2AD574F26EFE}.Release|Any CPU.Build.0 = Release|Any CPU
	EndGlobalSection
	GlobalSection(SolutionProperties) = preSolution
		HideSolutionNode = FALSE
	EndGlobalSection
	GlobalSection(ExtensibilityGlobals) = postSolution
		SolutionGuid = {3EB18584-A0A7-4110-93D4-0229A3761C3C}
	EndGlobalSection
EndGlobal
