
Microsoft Visual Studio Solution File, Format Version 12.00
# Visual Studio Version 16
VisualStudioVersion = 16.0.31605.320
MinimumVisualStudioVersion = 10.0.40219.1
Project("{FAE04EC0-301F-11D3-BF4B-00C04F79EFBC}") = "HW 6 ch12", "HW 6 ch12\HW 6 ch12.csproj", "{C2D49CE9-6D79-4A60-9836-C9689846BBEF}"
EndProject
Global
	GlobalSection(SolutionConfigurationPlatforms) = preSolution
		Debug|Any CPU = Debug|Any CPU
		Release|Any CPU = Release|Any CPU
	EndGlobalSection
	GlobalSection(ProjectConfigurationPlatforms) = postSolution
		{C2D49CE9-6D79-4A60-9836-C9689846BBEF}.Debug|Any CPU.ActiveCfg = Debug|Any CPU
		{C2D49CE9-6D79-4A60-9836-C9689846BBEF}.Debug|Any CPU.Build.0 = Debug|Any CPU
		{C2D49CE9-6D79-4A60-9836-C9689846BBEF}.Release|Any CPU.ActiveCfg = Release|Any CPU
		{C2D49CE9-6D79-4A60-9836-C9689846BBEF}.Release|Any CPU.Build.0 = Release|Any CPU
	EndGlobalSection
	GlobalSection(SolutionProperties) = preSolution
		HideSolutionNode = FALSE
	EndGlobalSection
	GlobalSection(ExtensibilityGlobals) = postSolution
		SolutionGuid = {30E5C98C-4817-4786-8295-490B51E47053}
	EndGlobalSection
EndGlobal
